
Microsoft Visual Studio Solution File, Format Version 12.00
# Visual Studio Version 17
VisualStudioVersion = 17.11.35219.272
MinimumVisualStudioVersion = 10.0.40219.1
Project("{FAE04EC0-301F-11D3-BF4B-00C04F79EFBC}") = "TestClassLibrary", "TestClassLibrary\TestClassLibrary.csproj", "{7E9EDDCF-91CE-4685-AB84-F8884D64DF76}"
EndProject
Project("{FAE04EC0-301F-11D3-BF4B-00C04F79EFBC}") = "TestApp2", "TestApp2\TestApp2.csproj", "{CD784C29-9FAB-4D11-8EE0-C9C49CBCADEF}"
EndProject
Global
	GlobalSection(SolutionConfigurationPlatforms) = preSolution
		Debug|Any CPU = Debug|Any CPU
		Release|Any CPU = Release|Any CPU
	EndGlobalSection
	GlobalSection(ProjectConfigurationPlatforms) = postSolution
		{7E9EDDCF-91CE-4685-AB84-F8884D64DF76}.Debug|Any CPU.ActiveCfg = Debug|Any CPU
		{7E9EDDCF-91CE-4685-AB84-F8884D64DF76}.Debug|Any CPU.Build.0 = Debug|Any CPU
		{7E9EDDCF-91CE-4685-AB84-F8884D64DF76}.Release|Any CPU.ActiveCfg = Release|Any CPU
		{7E9EDDCF-91CE-4685-AB84-F8884D64DF76}.Release|Any CPU.Build.0 = Release|Any CPU
		{CD784C29-9FAB-4D11-8EE0-C9C49CBCADEF}.Debug|Any CPU.ActiveCfg = Debug|Any CPU
		{CD784C29-9FAB-4D11-8EE0-C9C49CBCADEF}.Debug|Any CPU.Build.0 = Debug|Any CPU
		{CD784C29-9FAB-4D11-8EE0-C9C49CBCADEF}.Release|Any CPU.ActiveCfg = Release|Any CPU
		{CD784C29-9FAB-4D11-8EE0-C9C49CBCADEF}.Release|Any CPU.Build.0 = Release|Any CPU
	EndGlobalSection
	GlobalSection(SolutionProperties) = preSolution
		HideSolutionNode = FALSE
	EndGlobalSection
	GlobalSection(ExtensibilityGlobals) = postSolution
		SolutionGuid = {1B04E2B2-5E5B-4A26-8272-BCB4A1EC11A1}
	EndGlobalSection
EndGlobal
